// !$*UTF8*$!
{
	archiveVersion = 1;
	classes = {
	};
	objectVersion = 46;
	objects = {

/* Begin PBXBuildFile section */
		CAE23B511D4B19A900ECE99D /* main.m in Sources */ = {isa = PBXBuildFile; fileRef = CAE23B501D4B19A900ECE99D /* main.m */; };
		CAE23B541D4B19A900ECE99D /* AppDelegate.m in Sources */ = {isa = PBXBuildFile; fileRef = CAE23B531D4B19A900ECE99D /* AppDelegate.m */; };
		CAE23B571D4B19A900ECE99D /* ViewController.m in Sources */ = {isa = PBXBuildFile; fileRef = CAE23B561D4B19A900ECE99D /* ViewController.m */; };
		CAE23B5A1D4B19A900ECE99D /* Main.storyboard in Resources */ = {isa = PBXBuildFile; fileRef = CAE23B581D4B19A900ECE99D /* Main.storyboard */; };
		CAE23B5C1D4B19A900ECE99D /* Assets.xcassets in Resources */ = {isa = PBXBuildFile; fileRef = CAE23B5B1D4B19A900ECE99D /* Assets.xcassets */; };
		CAE23B5F1D4B19A900ECE99D /* LaunchScreen.storyboard in Resources */ = {isa = PBXBuildFile; fileRef = CAE23B5D1D4B19A900ECE99D /* LaunchScreen.storyboard */; };
/* End PBXBuildFile section */

/* Begin PBXFileReference section */
		CAE23B4C1D4B19A900ECE99D /* UICollectionViewDemoObjectiveC.app */ = {isa = PBXFileReference; explicitFileType = wrapper.application; includeInIndex = 0; path = UICollectionViewDemoObjectiveC.app; sourceTree = BUILT_PRODUCTS_DIR; };
		CAE23B501D4B19A900ECE99D /* main.m */ = {isa = PBXFileReference; lastKnownFileType = sourcecode.c.objc; path = main.m; sourceTree = "<group>"; };
		CAE23B521D4B19A900ECE99D /* AppDelegate.h */ = {isa = PBXFileReference; lastKnownFileType = sourcecode.c.h; path = AppDelegate.h; sourceTree = "<group>"; };
		CAE23B531D4B19A900ECE99D /* AppDelegate.m */ = {isa = PBXFileReference; lastKnownFileType = sourcecode.c.objc; path = AppDelegate.m; sourceTree = "<group>"; };
		CAE23B551D4B19A900ECE99D /* ViewController.h */ = {isa = PBXFileReference; lastKnownFileType = sourcecode.c.h; path = ViewController.h; sourceTree = "<group>"; };
		CAE23B561D4B19A900ECE99D /* ViewController.m */ = {isa = PBXFileReference; lastKnownFileType = sourcecode.c.objc; path = ViewController.m; sourceTree = "<group>"; };
		CAE23B591D4B19A900ECE99D /* Base */ = {isa = PBXFileReference; lastKnownFileType = file.storyboard; name = Base; path = Base.lproj/Main.storyboard; sourceTree = "<group>"; };
		CAE23B5B1D4B19A900ECE99D /* Assets.xcassets */ = {isa = PBXFileReference; lastKnownFileType = folder.assetcatalog; path = Assets.xcassets; sourceTree = "<group>"; };
		CAE23B5E1D4B19A900ECE99D /* Base */ = {isa = PBXFileReference; lastKnownFileType = file.storyboard; name = Base; path = Base.lproj/LaunchScreen.storyboard; sourceTree = "<group>"; };
		CAE23B601D4B19A900ECE99D /* Info.plist */ = {isa = PBXFileReference; lastKnownFileType = text.plist.xml; path = Info.plist; sourceTree = "<group>"; };
/* End PBXFileReference section */

/* Begin PBXFrameworksBuildPhase section */
		CAE23B491D4B19A900ECE99D /* Frameworks */ = {
			isa = PBXFrameworksBuildPhase;
			buildActionMask = 2147483647;
			files = (
			);
			runOnlyForDeploymentPostprocessing = 0;
		};
/* End PBXFrameworksBuildPhase section */

/* Begin PBXGroup section */
		CAE23B431D4B19A900ECE99D = {
			isa = PBXGroup;
			children = (
				CAE23B4E1D4B19A900ECE99D /* UICollectionViewDemoObjectiveC */,
				CAE23B4D1D4B19A900ECE99D /* Products */,
			);
			sourceTree = "<group>";
		};
		CAE23B4D1D4B19A900ECE99D /* Products */ = {
			isa = PBXGroup;
			children = (
				CAE23B4C1D4B19A900ECE99D /* UICollectionViewDemoObjectiveC.app */,
			);
			name = Products;
			sourceTree = "<group>";
		};
		CAE23B4E1D4B19A900ECE99D /* UICollectionViewDemoObjectiveC */ = {
			isa = PBXGroup;
			children = (
				CAE23B521D4B19A900ECE99D /* AppDelegate.h */,
				CAE23B531D4B19A900ECE99D /* AppDelegate.m */,
				CAE23B551D4B19A900ECE99D /* ViewController.h */,
				CAE23B561D4B19A900ECE99D /* ViewController.m */,
				CAE23B581D4B19A900ECE99D /* Main.storyboard */,
				CAE23B5B1D4B19A900ECE99D /* Assets.xcassets */,
				CAE23B5D1D4B19A900ECE99D /* LaunchScreen.storyboard */,
				CAE23B601D4B19A900ECE99D /* Info.plist */,
				CAE23B4F1D4B19A900ECE99D /* Supporting Files */,
			);
			path = UICollectionViewDemoObjectiveC;
			sourceTree = "<group>";
		};
		CAE23B4F1D4B19A900ECE99D /* Supporting Files */ = {
			isa = PBXGroup;
			children = (
				CAE23B501D4B19A900ECE99D /* main.m */,
			);
			name = "Supporting Files";
			sourceTree = "<group>";
		};
/* End PBXGroup section */

/* Begin PBXNativeTarget section */
		CAE23B4B1D4B19A900ECE99D /* UICollectionViewDemoObjectiveC */ = {
			isa = PBXNativeTarget;
			buildConfigurationList = CAE23B631D4B19A900ECE99D /* Build configuration list for PBXNativeTarget "UICollectionViewDemoObjectiveC" */;
			buildPhases = (
				CAE23B481D4B19A900ECE99D /* Sources */,
				CAE23B491D4B19A900ECE99D /* Frameworks */,
				CAE23B4A1D4B19A900ECE99D /* Resources */,
			);
			buildRules = (
			);
			dependencies = (
			);
			name = UICollectionViewDemoObjectiveC;
			productName = UICollectionViewDemoObjectiveC;
			productReference = CAE23B4C1D4B19A900ECE99D /* UICollectionViewDemoObjectiveC.app */;
			productType = "com.apple.product-type.application";
		};
/* End PBXNativeTarget section */

/* Begin PBXProject section */
		CAE23B441D4B19A900ECE99D /* Project object */ = {
			isa = PBXProject;
			attributes = {
				LastUpgradeCheck = 0730;
				ORGANIZATIONNAME = iHart;
				TargetAttributes = {
					CAE23B4B1D4B19A900ECE99D = {
						CreatedOnToolsVersion = 7.3.1;
					};
				};
			};
			buildConfigurationList = CAE23B471D4B19A900ECE99D /* Build configuration list for PBXProject "UICollectionViewDemoObjectiveC" */;
			compatibilityVersion = "Xcode 3.2";
			developmentRegion = English;
			hasScannedForEncodings = 0;
			knownRegions = (
				en,
				Base,
			);
			mainGroup = CAE23B431D4B19A900ECE99D;
			productRefGroup = CAE23B4D1D4B19A900ECE99D /* Products */;
			projectDirPath = "";
			projectRoot = "";
			targets = (
				CAE23B4B1D4B19A900ECE99D /* UICollectionViewDemoObjectiveC */,
			);
		};
/* End PBXProject section */

/* Begin PBXResourcesBuildPhase section */
		CAE23B4A1D4B19A900ECE99D /* Resources */ = {
			isa = PBXResourcesBuildPhase;
			buildActionMask = 2147483647;
			files = (
				CAE23B5F1D4B19A900ECE99D /* LaunchScreen.storyboard in Resources */,
				CAE23B5C1D4B19A900ECE99D /* Assets.xcassets in Resources */,
				CAE23B5A1D4B19A900ECE99D /* Main.storyboard in Resources */,
			);
			runOnlyForDeploymentPostprocessing = 0;
		};
/* End PBXResourcesBuildPhase section */

/* Begin PBXSourcesBuildPhase section */
		CAE23B481D4B19A900ECE99D /* Sources */ = {
			isa = PBXSourcesBuildPhase;
			buildActionMask = 2147483647;
			files = (
				CAE23B571D4B19A900ECE99D /* ViewController.m in Sources */,
				CAE23B541D4B19A900ECE99D /* AppDelegate.m in Sources */,
				CAE23B511D4B19A900ECE99D /* main.m in Sources */,
			);
			runOnlyForDeploymentPostprocessing = 0;
		};
/* End PBXSourcesBuildPhase section */

/* Begin PBXVariantGroup section */
		CAE23B581D4B19A900ECE99D /* Main.storyboard */ = {
			isa = PBXVariantGroup;
			children = (
				CAE23B591D4B19A900ECE99D /* Base */,
			);
			name = Main.storyboard;
			sourceTree = "<group>";
		};
		CAE23B5D1D4B19A900ECE99D /* LaunchScreen.storyboard */ = {
			isa = PBXVariantGroup;
			children = (
				CAE23B5E1D4B19A900ECE99D /* Base */,
			);
			name = LaunchScreen.storyboard;
			sourceTree = "<group>";
		};
/* End PBXVariantGroup section */

/* Begin XCBuildConfiguration section */
		CAE23B611D4B19A900ECE99D /* Debug */ = {
			isa = XCBuildConfiguration;
			buildSettings = {
				ALWAYS_SEARCH_USER_PATHS = NO;
				CLANG_ANALYZER_NONNULL = YES;
				CLANG_CXX_LANGUAGE_STANDARD = "gnu++0x";
				CLANG_CXX_LIBRARY = "libc++";
				CLANG_ENABLE_MODULES = YES;
				CLANG_ENABLE_OBJC_ARC = YES;
				CLANG_WARN_BOOL_CONVERSION = YES;
				CLANG_WARN_CONSTANT_CONVERSION = YES;
				CLANG_WARN_DIRECT_OBJC_ISA_USAGE = YES_ERROR;
				CLANG_WARN_EMPTY_BODY = YES;
				CLANG_WARN_ENUM_CONVERSION = YES;
				CLANG_WARN_INT_CONVERSION = YES;
				CLANG_WARN_OBJC_ROOT_CLASS = YES_ERROR;
				CLANG_WARN_UNREACHABLE_CODE = YES;
				CLANG_WARN__DUPLICATE_METHOD_MATCH = YES;
				"CODE_SIGN_IDENTITY[sdk=iphoneos*]" = "iPhone Developer";
				COPY_PHASE_STRIP = NO;
				DEBUG_INFORMATION_FORMAT = dwarf;
				ENABLE_STRICT_OBJC_MSGSEND = YES;
				ENABLE_TESTABILITY = YES;
				GCC_C_LANGUAGE_STANDARD = gnu99;
				GCC_DYNAMIC_NO_PIC = NO;
				GCC_NO_COMMON_BLOCKS = YES;
				GCC_OPTIMIZATION_LEVEL = 0;
				GCC_PREPROCESSOR_DEFINITIONS = (
					"DEBUG=1",
					"$(inherited)",
				);
				GCC_WARN_64_TO_32_BIT_CONVERSION = YES;
				GCC_WARN_ABOUT_RETURN_TYPE = YES_ERROR;
				GCC_WARN_UNDECLARED_SELECTOR = YES;
				GCC_WARN_UNINITIALIZED_AUTOS = YES_AGGRESSIVE;
				GCC_WARN_UNUSED_FUNCTION = YES;
				GCC_WARN_UNUSED_VARIABLE = YES;
				IPHONEOS_DEPLOYMENT_TARGET = 9.3;
				MTL_ENABLE_DEBUG_INFO = YES;
				ONLY_ACTIVE_ARCH = YES;
				SDKROOT = iphoneos;
				TARGETED_DEVICE_FAMILY = "1,2";
			};
			name = Debug;
		};
		CAE23B621D4B19A900ECE99D /* Release */ = {
			isa = XCBuildConfiguration;
			buildSettings = {
				ALWAYS_SEARCH_USER_PATHS = NO;
				CLANG_ANALYZER_NONNULL = YES;
				CLANG_CXX_LANGUAGE_STANDARD = "gnu++0x";
				CLANG_CXX_LIBRARY = "libc++";
				CLANG_ENABLE_MODULES = YES;
				CLANG_ENABLE_OBJC_ARC = YES;
				CLANG_WARN_BOOL_CONVERSION = YES;
				CLANG_WARN_CONSTANT_CONVERSION = YES;
				CLANG_WARN_DIRECT_OBJC_ISA_USAGE = YES_ERROR;
				CLANG_WARN_EMPTY_BODY = YES;
				CLANG_WARN_ENUM_CONVERSION = YES;
				CLANG_WARN_INT_CONVERSION = YES;
				CLANG_WARN_OBJC_ROOT_CLASS = YES_ERROR;
				CLANG_WARN_UNREACHABLE_CODE = YES;
				CLANG_WARN__DUPLICATE_METHOD_MATCH = YES;
				"CODE_SIGN_IDENTITY[sdk=iphoneos*]" = "iPhone Developer";
				COPY_PHASE_STRIP = NO;
				DEBUG_INFORMATION_FORMAT = "dwarf-with-dsym";
				ENABLE_NS_ASSERTIONS = NO;
				ENABLE_STRICT_OBJC_MSGSEND = YES;
				GCC_C_LANGUAGE_STANDARD = gnu99;
				GCC_NO_COMMON_BLOCKS = YES;
				GCC_WARN_64_TO_32_BIT_CONVERSION = YES;
				GCC_WARN_ABOUT_RETURN_TYPE = YES_ERROR;
				GCC_WARN_UNDECLARED_SELECTOR = YES;
				GCC_WARN_UNINITIALIZED_AUTOS = YES_AGGRESSIVE;
				GCC_WARN_UNUSED_FUNCTION = YES;
				GCC_WARN_UNUSED_VARIABLE = YES;
				IPHONEOS_DEPLOYMENT_TARGET = 9.3;
				MTL_ENABLE_DEBUG_INFO = NO;
				SDKROOT = iphoneos;
				TARGETED_DEVICE_FAMILY = "1,2";
				VALIDATE_PRODUCT = YES;
			};
			name = Release;
		};
		CAE23B641D4B19A900ECE99D /* Debug */ = {
			isa = XCBuildConfiguration;
			buildSettings = {
				ASSETCATALOG_COMPILER_APPICON_NAME = AppIcon;
				INFOPLIST_FILE = UICollectionViewDemoObjectiveC/Info.plist;
				LD_RUNPATH_SEARCH_PATHS = "$(inherited) @executable_path/Frameworks";
				PRODUCT_BUNDLE_IDENTIFIER = com.iHart.UICollectionViewDemoObjectiveC;
				PRODUCT_NAME = "$(TARGET_NAME)";
			};
			name = Debug;
		};
		CAE23B651D4B19A900ECE99D /* Release */ = {
			isa = XCBuildConfiguration;
			buildSettings = {
				ASSETCATALOG_COMPILER_APPICON_NAME = AppIcon;
				INFOPLIST_FILE = UICollectionViewDemoObjectiveC/Info.plist;
				LD_RUNPATH_SEARCH_PATHS = "$(inherited) @executable_path/Frameworks";
				PRODUCT_BUNDLE_IDENTIFIER = com.iHart.UICollectionViewDemoObjectiveC;
				PRODUCT_NAME = "$(TARGET_NAME)";
			};
			name = Release;
		};
/* End XCBuildConfiguration section */

/* Begin XCConfigurationList section */
		CAE23B471D4B19A900ECE99D /* Build configuration list for PBXProject "UICollectionViewDemoObjectiveC" */ = {
			isa = XCConfigurationList;
			buildConfigurations = (
				CAE23B611D4B19A900ECE99D /* Debug */,
				CAE23B621D4B19A900ECE99D /* Release */,
			);
			defaultConfigurationIsVisible = 0;
			defaultConfigurationName = Release;
		};
		CAE23B631D4B19A900ECE99D /* Build configuration list for PBXNativeTarget "UICollectionViewDemoObjectiveC" */ = {
			isa = XCConfigurationList;
			buildConfigurations = (
				CAE23B641D4B19A900ECE99D /* Debug */,
				CAE23B651D4B19A900ECE99D /* Release */,
			);
			defaultConfigurationIsVisible = 0;
		};
/* End XCConfigurationList section */
	};
	rootObject = CAE23B441D4B19A900ECE99D /* Project object */;
}
